// !$*UTF8*$!
{
	archiveVersion = 1;
	classes = {
	};
	objectVersion = 55;
	objects = {

/* Begin PBXBuildFile section */
		503C24F72857971C0073CEF6 /* ReusableSquareFrame.swift in Sources */ = {isa = PBXBuildFile; fileRef = 503C24F62857971C0073CEF6 /* ReusableSquareFrame.swift */; };
		503C25012857A71B0073CEF6 /* PaymentsTableViewCell.swift in Sources */ = {isa = PBXBuildFile; fileRef = 503C25002857A71B0073CEF6 /* PaymentsTableViewCell.swift */; };
		503C25032858F3470073CEF6 /* StatsTableViewCell.swift in Sources */ = {isa = PBXBuildFile; fileRef = 503C25022858F3470073CEF6 /* StatsTableViewCell.swift */; };
		50CA3240284165C600C90E3C /* MenuViewController.swift in Sources */ = {isa = PBXBuildFile; fileRef = 50CA323F284165C600C90E3C /* MenuViewController.swift */; };
		50CA3242284167D800C90E3C /* Extensions.swift in Sources */ = {isa = PBXBuildFile; fileRef = 50CA3241284167D800C90E3C /* Extensions.swift */; };
		50CA3244284169FF00C90E3C /* MenuOptionCollectionViewCell.swift in Sources */ = {isa = PBXBuildFile; fileRef = 50CA3243284169FF00C90E3C /* MenuOptionCollectionViewCell.swift */; };
		50CA32482843FA9400C90E3C /* DataViewController.swift in Sources */ = {isa = PBXBuildFile; fileRef = 50CA32472843FA9400C90E3C /* DataViewController.swift */; };
		50CA324A28441D4A00C90E3C /* Constants.swift in Sources */ = {isa = PBXBuildFile; fileRef = 50CA324928441D4A00C90E3C /* Constants.swift */; };
		50CA324C28442E0C00C90E3C /* AgreementAndServicesViewController.swift in Sources */ = {isa = PBXBuildFile; fileRef = 50CA324B28442E0C00C90E3C /* AgreementAndServicesViewController.swift */; };
		50CA324E28442E2000C90E3C /* AccountConditionViewController.swift in Sources */ = {isa = PBXBuildFile; fileRef = 50CA324D28442E2000C90E3C /* AccountConditionViewController.swift */; };
		50CA325028442E2D00C90E3C /* StatsViewController.swift in Sources */ = {isa = PBXBuildFile; fileRef = 50CA324F28442E2D00C90E3C /* StatsViewController.swift */; };
		50CA325228442E3400C90E3C /* PaymentsViewController.swift in Sources */ = {isa = PBXBuildFile; fileRef = 50CA325128442E3400C90E3C /* PaymentsViewController.swift */; };
		50CA325428442E6100C90E3C /* SettingsViewController.swift in Sources */ = {isa = PBXBuildFile; fileRef = 50CA325328442E6100C90E3C /* SettingsViewController.swift */; };
		50E03FC6283AA34E005E87C0 /* AppDelegate.swift in Sources */ = {isa = PBXBuildFile; fileRef = 50E03FC5283AA34E005E87C0 /* AppDelegate.swift */; };
		50E03FC8283AA34E005E87C0 /* SceneDelegate.swift in Sources */ = {isa = PBXBuildFile; fileRef = 50E03FC7283AA34E005E87C0 /* SceneDelegate.swift */; };
		50E03FCA283AA34E005E87C0 /* LoginViewController.swift in Sources */ = {isa = PBXBuildFile; fileRef = 50E03FC9283AA34E005E87C0 /* LoginViewController.swift */; };
		50E03FCF283AA350005E87C0 /* Assets.xcassets in Resources */ = {isa = PBXBuildFile; fileRef = 50E03FCE283AA350005E87C0 /* Assets.xcassets */; };
		50E03FD2283AA350005E87C0 /* LaunchScreen.storyboard in Resources */ = {isa = PBXBuildFile; fileRef = 50E03FD0283AA350005E87C0 /* LaunchScreen.storyboard */; };
/* End PBXBuildFile section */

/* Begin PBXFileReference section */
		503C24F62857971C0073CEF6 /* ReusableSquareFrame.swift */ = {isa = PBXFileReference; lastKnownFileType = sourcecode.swift; path = ReusableSquareFrame.swift; sourceTree = "<group>"; };
		503C25002857A71B0073CEF6 /* PaymentsTableViewCell.swift */ = {isa = PBXFileReference; lastKnownFileType = sourcecode.swift; path = PaymentsTableViewCell.swift; sourceTree = "<group>"; };
		503C25022858F3470073CEF6 /* StatsTableViewCell.swift */ = {isa = PBXFileReference; lastKnownFileType = sourcecode.swift; path = StatsTableViewCell.swift; sourceTree = "<group>"; };
		50CA323F284165C600C90E3C /* MenuViewController.swift */ = {isa = PBXFileReference; lastKnownFileType = sourcecode.swift; path = MenuViewController.swift; sourceTree = "<group>"; };
		50CA3241284167D800C90E3C /* Extensions.swift */ = {isa = PBXFileReference; lastKnownFileType = sourcecode.swift; path = Extensions.swift; sourceTree = "<group>"; };
		50CA3243284169FF00C90E3C /* MenuOptionCollectionViewCell.swift */ = {isa = PBXFileReference; lastKnownFileType = sourcecode.swift; path = MenuOptionCollectionViewCell.swift; sourceTree = "<group>"; };
		50CA32472843FA9400C90E3C /* DataViewController.swift */ = {isa = PBXFileReference; lastKnownFileType = sourcecode.swift; path = DataViewController.swift; sourceTree = "<group>"; };
		50CA324928441D4A00C90E3C /* Constants.swift */ = {isa = PBXFileReference; lastKnownFileType = sourcecode.swift; path = Constants.swift; sourceTree = "<group>"; };
		50CA324B28442E0C00C90E3C /* AgreementAndServicesViewController.swift */ = {isa = PBXFileReference; lastKnownFileType = sourcecode.swift; path = AgreementAndServicesViewController.swift; sourceTree = "<group>"; };
		50CA324D28442E2000C90E3C /* AccountConditionViewController.swift */ = {isa = PBXFileReference; lastKnownFileType = sourcecode.swift; path = AccountConditionViewController.swift; sourceTree = "<group>"; };
		50CA324F28442E2D00C90E3C /* StatsViewController.swift */ = {isa = PBXFileReference; lastKnownFileType = sourcecode.swift; path = StatsViewController.swift; sourceTree = "<group>"; };
		50CA325128442E3400C90E3C /* PaymentsViewController.swift */ = {isa = PBXFileReference; lastKnownFileType = sourcecode.swift; path = PaymentsViewController.swift; sourceTree = "<group>"; };
		50CA325328442E6100C90E3C /* SettingsViewController.swift */ = {isa = PBXFileReference; lastKnownFileType = sourcecode.swift; path = SettingsViewController.swift; sourceTree = "<group>"; };
		50E03FC2283AA34E005E87C0 /* mosnet_ios.app */ = {isa = PBXFileReference; explicitFileType = wrapper.application; includeInIndex = 0; path = mosnet_ios.app; sourceTree = BUILT_PRODUCTS_DIR; };
		50E03FC5283AA34E005E87C0 /* AppDelegate.swift */ = {isa = PBXFileReference; lastKnownFileType = sourcecode.swift; path = AppDelegate.swift; sourceTree = "<group>"; };
		50E03FC7283AA34E005E87C0 /* SceneDelegate.swift */ = {isa = PBXFileReference; lastKnownFileType = sourcecode.swift; path = SceneDelegate.swift; sourceTree = "<group>"; };
		50E03FC9283AA34E005E87C0 /* LoginViewController.swift */ = {isa = PBXFileReference; lastKnownFileType = sourcecode.swift; path = LoginViewController.swift; sourceTree = "<group>"; };
		50E03FCE283AA350005E87C0 /* Assets.xcassets */ = {isa = PBXFileReference; lastKnownFileType = folder.assetcatalog; path = Assets.xcassets; sourceTree = "<group>"; };
		50E03FD1283AA350005E87C0 /* Base */ = {isa = PBXFileReference; lastKnownFileType = file.storyboard; name = Base; path = Base.lproj/LaunchScreen.storyboard; sourceTree = "<group>"; };
		50E03FD3283AA350005E87C0 /* Info.plist */ = {isa = PBXFileReference; lastKnownFileType = text.plist.xml; path = Info.plist; sourceTree = "<group>"; };
/* End PBXFileReference section */

/* Begin PBXFrameworksBuildPhase section */
		50E03FBF283AA34E005E87C0 /* Frameworks */ = {
			isa = PBXFrameworksBuildPhase;
			buildActionMask = 2147483647;
			files = (
			);
			runOnlyForDeploymentPostprocessing = 0;
		};
/* End PBXFrameworksBuildPhase section */

/* Begin PBXGroup section */
		503C24F12857663B0073CEF6 /* Login */ = {
			isa = PBXGroup;
			children = (
				50E03FC9283AA34E005E87C0 /* LoginViewController.swift */,
			);
			path = Login;
			sourceTree = "<group>";
		};
		503C24F2285766470073CEF6 /* Root */ = {
			isa = PBXGroup;
			children = (
				50E03FC7283AA34E005E87C0 /* SceneDelegate.swift */,
				50E03FC5283AA34E005E87C0 /* AppDelegate.swift */,
			);
			path = Root;
			sourceTree = "<group>";
		};
		503C24F3285766540073CEF6 /* Menu */ = {
			isa = PBXGroup;
			children = (
				503C24F4285766610073CEF6 /* Submenus */,
				50CA3243284169FF00C90E3C /* MenuOptionCollectionViewCell.swift */,
				50CA323F284165C600C90E3C /* MenuViewController.swift */,
			);
			path = Menu;
			sourceTree = "<group>";
		};
		503C24F4285766610073CEF6 /* Submenus */ = {
			isa = PBXGroup;
			children = (
				503C24FD28579E530073CEF6 /* Data */,
				503C24FC28579E4B0073CEF6 /* Agreement */,
				503C24FB28579E400073CEF6 /* Account */,
				503C24FA28579E2F0073CEF6 /* Stats */,
				503C24F928579E270073CEF6 /* Payments */,
				503C24F828579E1F0073CEF6 /* Settings */,
			);
			path = Submenus;
			sourceTree = "<group>";
		};
		503C24F52857667A0073CEF6 /* Helpers */ = {
			isa = PBXGroup;
			children = (
				503C24FF28579E860073CEF6 /* Reusable Elements */,
				50CA324928441D4A00C90E3C /* Constants.swift */,
				50CA3241284167D800C90E3C /* Extensions.swift */,
			);
			path = Helpers;
			sourceTree = "<group>";
		};
		503C24F828579E1F0073CEF6 /* Settings */ = {
			isa = PBXGroup;
			children = (
				50CA325328442E6100C90E3C /* SettingsViewController.swift */,
			);
			path = Settings;
			sourceTree = "<group>";
		};
		503C24F928579E270073CEF6 /* Payments */ = {
			isa = PBXGroup;
			children = (
				50CA325128442E3400C90E3C /* PaymentsViewController.swift */,
				503C25002857A71B0073CEF6 /* PaymentsTableViewCell.swift */,
			);
			path = Payments;
			sourceTree = "<group>";
		};
		503C24FA28579E2F0073CEF6 /* Stats */ = {
			isa = PBXGroup;
			children = (
				50CA324F28442E2D00C90E3C /* StatsViewController.swift */,
				503C25022858F3470073CEF6 /* StatsTableViewCell.swift */,
			);
			path = Stats;
			sourceTree = "<group>";
		};
		503C24FB28579E400073CEF6 /* Account */ = {
			isa = PBXGroup;
			children = (
				50CA324D28442E2000C90E3C /* AccountConditionViewController.swift */,
			);
			path = Account;
			sourceTree = "<group>";
		};
		503C24FC28579E4B0073CEF6 /* Agreement */ = {
			isa = PBXGroup;
			children = (
				50CA324B28442E0C00C90E3C /* AgreementAndServicesViewController.swift */,
			);
			path = Agreement;
			sourceTree = "<group>";
		};
		503C24FD28579E530073CEF6 /* Data */ = {
			isa = PBXGroup;
			children = (
				50CA32472843FA9400C90E3C /* DataViewController.swift */,
			);
			path = Data;
			sourceTree = "<group>";
		};
		503C24FF28579E860073CEF6 /* Reusable Elements */ = {
			isa = PBXGroup;
			children = (
				503C24F62857971C0073CEF6 /* ReusableSquareFrame.swift */,
			);
			path = "Reusable Elements";
			sourceTree = "<group>";
		};
		50E03FB9283AA34E005E87C0 = {
			isa = PBXGroup;
			children = (
				50E03FC4283AA34E005E87C0 /* mosnet_ios */,
				50E03FC3283AA34E005E87C0 /* Products */,
			);
			sourceTree = "<group>";
		};
		50E03FC3283AA34E005E87C0 /* Products */ = {
			isa = PBXGroup;
			children = (
				50E03FC2283AA34E005E87C0 /* mosnet_ios.app */,
			);
			name = Products;
			sourceTree = "<group>";
		};
		50E03FC4283AA34E005E87C0 /* mosnet_ios */ = {
			isa = PBXGroup;
			children = (
				503C24F2285766470073CEF6 /* Root */,
				503C24F52857667A0073CEF6 /* Helpers */,
				503C24F3285766540073CEF6 /* Menu */,
				503C24F12857663B0073CEF6 /* Login */,
				50E03FCE283AA350005E87C0 /* Assets.xcassets */,
				50E03FD0283AA350005E87C0 /* LaunchScreen.storyboard */,
				50E03FD3283AA350005E87C0 /* Info.plist */,
			);
			path = mosnet_ios;
			sourceTree = "<group>";
		};
/* End PBXGroup section */

/* Begin PBXNativeTarget section */
		50E03FC1283AA34E005E87C0 /* mosnet_ios */ = {
			isa = PBXNativeTarget;
			buildConfigurationList = 50E03FD6283AA350005E87C0 /* Build configuration list for PBXNativeTarget "mosnet_ios" */;
			buildPhases = (
				50E03FBE283AA34E005E87C0 /* Sources */,
				50E03FBF283AA34E005E87C0 /* Frameworks */,
				50E03FC0283AA34E005E87C0 /* Resources */,
			);
			buildRules = (
			);
			dependencies = (
			);
			name = mosnet_ios;
			productName = mosnet_ios;
			productReference = 50E03FC2283AA34E005E87C0 /* mosnet_ios.app */;
			productType = "com.apple.product-type.application";
		};
/* End PBXNativeTarget section */

/* Begin PBXProject section */
		50E03FBA283AA34E005E87C0 /* Project object */ = {
			isa = PBXProject;
			attributes = {
				BuildIndependentTargetsInParallel = 1;
				LastSwiftUpdateCheck = 1320;
				LastUpgradeCheck = 1320;
				TargetAttributes = {
					50E03FC1283AA34E005E87C0 = {
						CreatedOnToolsVersion = 13.2.1;
					};
				};
			};
			buildConfigurationList = 50E03FBD283AA34E005E87C0 /* Build configuration list for PBXProject "mosnet_ios" */;
			compatibilityVersion = "Xcode 13.0";
			developmentRegion = en;
			hasScannedForEncodings = 0;
			knownRegions = (
				en,
				Base,
			);
			mainGroup = 50E03FB9283AA34E005E87C0;
			productRefGroup = 50E03FC3283AA34E005E87C0 /* Products */;
			projectDirPath = "";
			projectRoot = "";
			targets = (
				50E03FC1283AA34E005E87C0 /* mosnet_ios */,
			);
		};
/* End PBXProject section */

/* Begin PBXResourcesBuildPhase section */
		50E03FC0283AA34E005E87C0 /* Resources */ = {
			isa = PBXResourcesBuildPhase;
			buildActionMask = 2147483647;
			files = (
				50E03FD2283AA350005E87C0 /* LaunchScreen.storyboard in Resources */,
				50E03FCF283AA350005E87C0 /* Assets.xcassets in Resources */,
			);
			runOnlyForDeploymentPostprocessing = 0;
		};
/* End PBXResourcesBuildPhase section */

/* Begin PBXSourcesBuildPhase section */
		50E03FBE283AA34E005E87C0 /* Sources */ = {
			isa = PBXSourcesBuildPhase;
			buildActionMask = 2147483647;
			files = (
				50CA3242284167D800C90E3C /* Extensions.swift in Sources */,
				50CA325228442E3400C90E3C /* PaymentsViewController.swift in Sources */,
				50CA325028442E2D00C90E3C /* StatsViewController.swift in Sources */,
				503C24F72857971C0073CEF6 /* ReusableSquareFrame.swift in Sources */,
				50CA32482843FA9400C90E3C /* DataViewController.swift in Sources */,
				503C25032858F3470073CEF6 /* StatsTableViewCell.swift in Sources */,
				50E03FCA283AA34E005E87C0 /* LoginViewController.swift in Sources */,
				50CA3244284169FF00C90E3C /* MenuOptionCollectionViewCell.swift in Sources */,
				50CA324E28442E2000C90E3C /* AccountConditionViewController.swift in Sources */,
				50E03FC6283AA34E005E87C0 /* AppDelegate.swift in Sources */,
				503C25012857A71B0073CEF6 /* PaymentsTableViewCell.swift in Sources */,
				50E03FC8283AA34E005E87C0 /* SceneDelegate.swift in Sources */,
				50CA3240284165C600C90E3C /* MenuViewController.swift in Sources */,
				50CA325428442E6100C90E3C /* SettingsViewController.swift in Sources */,
				50CA324C28442E0C00C90E3C /* AgreementAndServicesViewController.swift in Sources */,
				50CA324A28441D4A00C90E3C /* Constants.swift in Sources */,
			);
			runOnlyForDeploymentPostprocessing = 0;
		};
/* End PBXSourcesBuildPhase section */

/* Begin PBXVariantGroup section */
		50E03FD0283AA350005E87C0 /* LaunchScreen.storyboard */ = {
			isa = PBXVariantGroup;
			children = (
				50E03FD1283AA350005E87C0 /* Base */,
			);
			name = LaunchScreen.storyboard;
			sourceTree = "<group>";
		};
/* End PBXVariantGroup section */

/* Begin XCBuildConfiguration section */
		50E03FD4283AA350005E87C0 /* Debug */ = {
			isa = XCBuildConfiguration;
			buildSettings = {
				ALWAYS_SEARCH_USER_PATHS = NO;
				CLANG_ANALYZER_NONNULL = YES;
				CLANG_ANALYZER_NUMBER_OBJECT_CONVERSION = YES_AGGRESSIVE;
				CLANG_CXX_LANGUAGE_STANDARD = "gnu++17";
				CLANG_CXX_LIBRARY = "libc++";
				CLANG_ENABLE_MODULES = YES;
				CLANG_ENABLE_OBJC_ARC = YES;
				CLANG_ENABLE_OBJC_WEAK = YES;
				CLANG_WARN_BLOCK_CAPTURE_AUTORELEASING = YES;
				CLANG_WARN_BOOL_CONVERSION = YES;
				CLANG_WARN_COMMA = YES;
				CLANG_WARN_CONSTANT_CONVERSION = YES;
				CLANG_WARN_DEPRECATED_OBJC_IMPLEMENTATIONS = YES;
				CLANG_WARN_DIRECT_OBJC_ISA_USAGE = YES_ERROR;
				CLANG_WARN_DOCUMENTATION_COMMENTS = YES;
				CLANG_WARN_EMPTY_BODY = YES;
				CLANG_WARN_ENUM_CONVERSION = YES;
				CLANG_WARN_INFINITE_RECURSION = YES;
				CLANG_WARN_INT_CONVERSION = YES;
				CLANG_WARN_NON_LITERAL_NULL_CONVERSION = YES;
				CLANG_WARN_OBJC_IMPLICIT_RETAIN_SELF = YES;
				CLANG_WARN_OBJC_LITERAL_CONVERSION = YES;
				CLANG_WARN_OBJC_ROOT_CLASS = YES_ERROR;
				CLANG_WARN_QUOTED_INCLUDE_IN_FRAMEWORK_HEADER = YES;
				CLANG_WARN_RANGE_LOOP_ANALYSIS = YES;
				CLANG_WARN_STRICT_PROTOTYPES = YES;
				CLANG_WARN_SUSPICIOUS_MOVE = YES;
				CLANG_WARN_UNGUARDED_AVAILABILITY = YES_AGGRESSIVE;
				CLANG_WARN_UNREACHABLE_CODE = YES;
				CLANG_WARN__DUPLICATE_METHOD_MATCH = YES;
				COPY_PHASE_STRIP = NO;
				DEBUG_INFORMATION_FORMAT = dwarf;
				ENABLE_STRICT_OBJC_MSGSEND = YES;
				ENABLE_TESTABILITY = YES;
				GCC_C_LANGUAGE_STANDARD = gnu11;
				GCC_DYNAMIC_NO_PIC = NO;
				GCC_NO_COMMON_BLOCKS = YES;
				GCC_OPTIMIZATION_LEVEL = 0;
				GCC_PREPROCESSOR_DEFINITIONS = (
					"DEBUG=1",
					"$(inherited)",
				);
				GCC_WARN_64_TO_32_BIT_CONVERSION = YES;
				GCC_WARN_ABOUT_RETURN_TYPE = YES_ERROR;
				GCC_WARN_UNDECLARED_SELECTOR = YES;
				GCC_WARN_UNINITIALIZED_AUTOS = YES_AGGRESSIVE;
				GCC_WARN_UNUSED_FUNCTION = YES;
				GCC_WARN_UNUSED_VARIABLE = YES;
				IPHONEOS_DEPLOYMENT_TARGET = 15.2;
				MTL_ENABLE_DEBUG_INFO = INCLUDE_SOURCE;
				MTL_FAST_MATH = YES;
				ONLY_ACTIVE_ARCH = YES;
				SDKROOT = iphoneos;
				SWIFT_ACTIVE_COMPILATION_CONDITIONS = DEBUG;
				SWIFT_OPTIMIZATION_LEVEL = "-Onone";
			};
			name = Debug;
		};
		50E03FD5283AA350005E87C0 /* Release */ = {
			isa = XCBuildConfiguration;
			buildSettings = {
				ALWAYS_SEARCH_USER_PATHS = NO;
				CLANG_ANALYZER_NONNULL = YES;
				CLANG_ANALYZER_NUMBER_OBJECT_CONVERSION = YES_AGGRESSIVE;
				CLANG_CXX_LANGUAGE_STANDARD = "gnu++17";
				CLANG_CXX_LIBRARY = "libc++";
				CLANG_ENABLE_MODULES = YES;
				CLANG_ENABLE_OBJC_ARC = YES;
				CLANG_ENABLE_OBJC_WEAK = YES;
				CLANG_WARN_BLOCK_CAPTURE_AUTORELEASING = YES;
				CLANG_WARN_BOOL_CONVERSION = YES;
				CLANG_WARN_COMMA = YES;
				CLANG_WARN_CONSTANT_CONVERSION = YES;
				CLANG_WARN_DEPRECATED_OBJC_IMPLEMENTATIONS = YES;
				CLANG_WARN_DIRECT_OBJC_ISA_USAGE = YES_ERROR;
				CLANG_WARN_DOCUMENTATION_COMMENTS = YES;
				CLANG_WARN_EMPTY_BODY = YES;
				CLANG_WARN_ENUM_CONVERSION = YES;
				CLANG_WARN_INFINITE_RECURSION = YES;
				CLANG_WARN_INT_CONVERSION = YES;
				CLANG_WARN_NON_LITERAL_NULL_CONVERSION = YES;
				CLANG_WARN_OBJC_IMPLICIT_RETAIN_SELF = YES;
				CLANG_WARN_OBJC_LITERAL_CONVERSION = YES;
				CLANG_WARN_OBJC_ROOT_CLASS = YES_ERROR;
				CLANG_WARN_QUOTED_INCLUDE_IN_FRAMEWORK_HEADER = YES;
				CLANG_WARN_RANGE_LOOP_ANALYSIS = YES;
				CLANG_WARN_STRICT_PROTOTYPES = YES;
				CLANG_WARN_SUSPICIOUS_MOVE = YES;
				CLANG_WARN_UNGUARDED_AVAILABILITY = YES_AGGRESSIVE;
				CLANG_WARN_UNREACHABLE_CODE = YES;
				CLANG_WARN__DUPLICATE_METHOD_MATCH = YES;
				COPY_PHASE_STRIP = NO;
				DEBUG_INFORMATION_FORMAT = "dwarf-with-dsym";
				ENABLE_NS_ASSERTIONS = NO;
				ENABLE_STRICT_OBJC_MSGSEND = YES;
				GCC_C_LANGUAGE_STANDARD = gnu11;
				GCC_NO_COMMON_BLOCKS = YES;
				GCC_WARN_64_TO_32_BIT_CONVERSION = YES;
				GCC_WARN_ABOUT_RETURN_TYPE = YES_ERROR;
				GCC_WARN_UNDECLARED_SELECTOR = YES;
				GCC_WARN_UNINITIALIZED_AUTOS = YES_AGGRESSIVE;
				GCC_WARN_UNUSED_FUNCTION = YES;
				GCC_WARN_UNUSED_VARIABLE = YES;
				IPHONEOS_DEPLOYMENT_TARGET = 15.2;
				MTL_ENABLE_DEBUG_INFO = NO;
				MTL_FAST_MATH = YES;
				SDKROOT = iphoneos;
				SWIFT_COMPILATION_MODE = wholemodule;
				SWIFT_OPTIMIZATION_LEVEL = "-O";
				VALIDATE_PRODUCT = YES;
			};
			name = Release;
		};
		50E03FD7283AA350005E87C0 /* Debug */ = {
			isa = XCBuildConfiguration;
			buildSettings = {
				ASSETCATALOG_COMPILER_APPICON_NAME = AppIcon;
				ASSETCATALOG_COMPILER_GLOBAL_ACCENT_COLOR_NAME = AccentColor;
				CODE_SIGN_STYLE = Automatic;
				CURRENT_PROJECT_VERSION = 1;
				DEVELOPMENT_TEAM = B79H9HL5AT;
				GENERATE_INFOPLIST_FILE = YES;
				INFOPLIST_FILE = mosnet_ios/Info.plist;
				INFOPLIST_KEY_UIApplicationSupportsIndirectInputEvents = YES;
				INFOPLIST_KEY_UILaunchStoryboardName = LaunchScreen;
				INFOPLIST_KEY_UISupportedInterfaceOrientations_iPad = "UIInterfaceOrientationPortrait UIInterfaceOrientationPortraitUpsideDown UIInterfaceOrientationLandscapeLeft UIInterfaceOrientationLandscapeRight";
				INFOPLIST_KEY_UISupportedInterfaceOrientations_iPhone = "UIInterfaceOrientationPortrait UIInterfaceOrientationLandscapeLeft UIInterfaceOrientationLandscapeRight";
				LD_RUNPATH_SEARCH_PATHS = (
					"$(inherited)",
					"@executable_path/Frameworks",
				);
				MARKETING_VERSION = 1.0;
				PRODUCT_BUNDLE_IDENTIFIER = "shinov-96-mail.ru.mosnet-ios";
				PRODUCT_NAME = "$(TARGET_NAME)";
				SWIFT_EMIT_LOC_STRINGS = YES;
				SWIFT_VERSION = 5.0;
				TARGETED_DEVICE_FAMILY = "1,2";
			};
			name = Debug;
		};
		50E03FD8283AA350005E87C0 /* Release */ = {
			isa = XCBuildConfiguration;
			buildSettings = {
				ASSETCATALOG_COMPILER_APPICON_NAME = AppIcon;
				ASSETCATALOG_COMPILER_GLOBAL_ACCENT_COLOR_NAME = AccentColor;
				CODE_SIGN_STYLE = Automatic;
				CURRENT_PROJECT_VERSION = 1;
				DEVELOPMENT_TEAM = B79H9HL5AT;
				GENERATE_INFOPLIST_FILE = YES;
				INFOPLIST_FILE = mosnet_ios/Info.plist;
				INFOPLIST_KEY_UIApplicationSupportsIndirectInputEvents = YES;
				INFOPLIST_KEY_UILaunchStoryboardName = LaunchScreen;
				INFOPLIST_KEY_UISupportedInterfaceOrientations_iPad = "UIInterfaceOrientationPortrait UIInterfaceOrientationPortraitUpsideDown UIInterfaceOrientationLandscapeLeft UIInterfaceOrientationLandscapeRight";
				INFOPLIST_KEY_UISupportedInterfaceOrientations_iPhone = "UIInterfaceOrientationPortrait UIInterfaceOrientationLandscapeLeft UIInterfaceOrientationLandscapeRight";
				LD_RUNPATH_SEARCH_PATHS = (
					"$(inherited)",
					"@executable_path/Frameworks",
				);
				MARKETING_VERSION = 1.0;
				PRODUCT_BUNDLE_IDENTIFIER = "shinov-96-mail.ru.mosnet-ios";
				PRODUCT_NAME = "$(TARGET_NAME)";
				SWIFT_EMIT_LOC_STRINGS = YES;
				SWIFT_VERSION = 5.0;
				TARGETED_DEVICE_FAMILY = "1,2";
			};
			name = Release;
		};
/* End XCBuildConfiguration section */

/* Begin XCConfigurationList section */
		50E03FBD283AA34E005E87C0 /* Build configuration list for PBXProject "mosnet_ios" */ = {
			isa = XCConfigurationList;
			buildConfigurations = (
				50E03FD4283AA350005E87C0 /* Debug */,
				50E03FD5283AA350005E87C0 /* Release */,
			);
			defaultConfigurationIsVisible = 0;
			defaultConfigurationName = Release;
		};
		50E03FD6283AA350005E87C0 /* Build configuration list for PBXNativeTarget "mosnet_ios" */ = {
			isa = XCConfigurationList;
			buildConfigurations = (
				50E03FD7283AA350005E87C0 /* Debug */,
				50E03FD8283AA350005E87C0 /* Release */,
			);
			defaultConfigurationIsVisible = 0;
			defaultConfigurationName = Release;
		};
/* End XCConfigurationList section */
	};
	rootObject = 50E03FBA283AA34E005E87C0 /* Project object */;
}
